// !$*UTF8*$!
{
	archiveVersion = 1;
	classes = {
	};
	objectVersion = 46;
	objects = {

/* Begin PBXBuildFile section */
		988533041C7E13A100D10B69 /* AppDelegate.swift in Sources */ = {isa = PBXBuildFile; fileRef = 988533031C7E13A100D10B69 /* AppDelegate.swift */; };
		988533061C7E13A100D10B69 /* ViewController.swift in Sources */ = {isa = PBXBuildFile; fileRef = 988533051C7E13A100D10B69 /* ViewController.swift */; };
		988533091C7E13A100D10B69 /* Main.storyboard in Resources */ = {isa = PBXBuildFile; fileRef = 988533071C7E13A100D10B69 /* Main.storyboard */; };
		9885330B1C7E13A100D10B69 /* Assets.xcassets in Resources */ = {isa = PBXBuildFile; fileRef = 9885330A1C7E13A100D10B69 /* Assets.xcassets */; };
		9885330E1C7E13A100D10B69 /* LaunchScreen.storyboard in Resources */ = {isa = PBXBuildFile; fileRef = 9885330C1C7E13A100D10B69 /* LaunchScreen.storyboard */; };
		988533161C7E149100D10B69 /* Character.swift in Sources */ = {isa = PBXBuildFile; fileRef = 988533151C7E149100D10B69 /* Character.swift */; };
		9885331C1C7E181900D10B69 /* Player.swift in Sources */ = {isa = PBXBuildFile; fileRef = 9885331B1C7E181900D10B69 /* Player.swift */; };
		9885331E1C7E183B00D10B69 /* Enemy.swift in Sources */ = {isa = PBXBuildFile; fileRef = 9885331D1C7E183B00D10B69 /* Enemy.swift */; };
		988533201C7E198400D10B69 /* Kimara.swift in Sources */ = {isa = PBXBuildFile; fileRef = 9885331F1C7E198400D10B69 /* Kimara.swift */; };
		988533221C7E1B1100D10B69 /* DevilWizard.swift in Sources */ = {isa = PBXBuildFile; fileRef = 988533211C7E1B1100D10B69 /* DevilWizard.swift */; };
/* End PBXBuildFile section */

/* Begin PBXFileReference section */
		988533001C7E13A100D10B69 /* rpgoop.app */ = {isa = PBXFileReference; explicitFileType = wrapper.application; includeInIndex = 0; path = rpgoop.app; sourceTree = BUILT_PRODUCTS_DIR; };
		988533031C7E13A100D10B69 /* AppDelegate.swift */ = {isa = PBXFileReference; lastKnownFileType = sourcecode.swift; path = AppDelegate.swift; sourceTree = "<group>"; };
		988533051C7E13A100D10B69 /* ViewController.swift */ = {isa = PBXFileReference; lastKnownFileType = sourcecode.swift; path = ViewController.swift; sourceTree = "<group>"; };
		988533081C7E13A100D10B69 /* Base */ = {isa = PBXFileReference; lastKnownFileType = file.storyboard; name = Base; path = Base.lproj/Main.storyboard; sourceTree = "<group>"; };
		9885330A1C7E13A100D10B69 /* Assets.xcassets */ = {isa = PBXFileReference; lastKnownFileType = folder.assetcatalog; path = Assets.xcassets; sourceTree = "<group>"; };
		9885330D1C7E13A100D10B69 /* Base */ = {isa = PBXFileReference; lastKnownFileType = file.storyboard; name = Base; path = Base.lproj/LaunchScreen.storyboard; sourceTree = "<group>"; };
		9885330F1C7E13A100D10B69 /* Info.plist */ = {isa = PBXFileReference; lastKnownFileType = text.plist.xml; path = Info.plist; sourceTree = "<group>"; };
		988533151C7E149100D10B69 /* Character.swift */ = {isa = PBXFileReference; fileEncoding = 4; lastKnownFileType = sourcecode.swift; path = Character.swift; sourceTree = "<group>"; };
		9885331B1C7E181900D10B69 /* Player.swift */ = {isa = PBXFileReference; fileEncoding = 4; lastKnownFileType = sourcecode.swift; path = Player.swift; sourceTree = "<group>"; };
		9885331D1C7E183B00D10B69 /* Enemy.swift */ = {isa = PBXFileReference; fileEncoding = 4; lastKnownFileType = sourcecode.swift; path = Enemy.swift; sourceTree = "<group>"; };
		9885331F1C7E198400D10B69 /* Kimara.swift */ = {isa = PBXFileReference; fileEncoding = 4; lastKnownFileType = sourcecode.swift; path = Kimara.swift; sourceTree = "<group>"; };
		988533211C7E1B1100D10B69 /* DevilWizard.swift */ = {isa = PBXFileReference; fileEncoding = 4; lastKnownFileType = sourcecode.swift; path = DevilWizard.swift; sourceTree = "<group>"; };
/* End PBXFileReference section */

/* Begin PBXFrameworksBuildPhase section */
		988532FD1C7E13A100D10B69 /* Frameworks */ = {
			isa = PBXFrameworksBuildPhase;
			buildActionMask = 2147483647;
			files = (
			);
			runOnlyForDeploymentPostprocessing = 0;
		};
/* End PBXFrameworksBuildPhase section */

/* Begin PBXGroup section */
		988532F71C7E13A100D10B69 = {
			isa = PBXGroup;
			children = (
				988533021C7E13A100D10B69 /* rpgoop */,
				988533011C7E13A100D10B69 /* Products */,
			);
			sourceTree = "<group>";
		};
		988533011C7E13A100D10B69 /* Products */ = {
			isa = PBXGroup;
			children = (
				988533001C7E13A100D10B69 /* rpgoop.app */,
			);
			name = Products;
			sourceTree = "<group>";
		};
		988533021C7E13A100D10B69 /* rpgoop */ = {
			isa = PBXGroup;
			children = (
				988533031C7E13A100D10B69 /* AppDelegate.swift */,
				988533051C7E13A100D10B69 /* ViewController.swift */,
				988533071C7E13A100D10B69 /* Main.storyboard */,
				9885330A1C7E13A100D10B69 /* Assets.xcassets */,
				9885330C1C7E13A100D10B69 /* LaunchScreen.storyboard */,
				9885330F1C7E13A100D10B69 /* Info.plist */,
				988533151C7E149100D10B69 /* Character.swift */,
				9885331B1C7E181900D10B69 /* Player.swift */,
				9885331D1C7E183B00D10B69 /* Enemy.swift */,
				9885331F1C7E198400D10B69 /* Kimara.swift */,
				988533211C7E1B1100D10B69 /* DevilWizard.swift */,
			);
			path = rpgoop;
			sourceTree = "<group>";
		};
/* End PBXGroup section */

/* Begin PBXNativeTarget section */
		988532FF1C7E13A100D10B69 /* rpgoop */ = {
			isa = PBXNativeTarget;
			buildConfigurationList = 988533121C7E13A100D10B69 /* Build configuration list for PBXNativeTarget "rpgoop" */;
			buildPhases = (
				988532FC1C7E13A100D10B69 /* Sources */,
				988532FD1C7E13A100D10B69 /* Frameworks */,
				988532FE1C7E13A100D10B69 /* Resources */,
			);
			buildRules = (
			);
			dependencies = (
			);
			name = rpgoop;
			productName = rpgoop;
			productReference = 988533001C7E13A100D10B69 /* rpgoop.app */;
			productType = "com.apple.product-type.application";
		};
/* End PBXNativeTarget section */

/* Begin PBXProject section */
		988532F81C7E13A100D10B69 /* Project object */ = {
			isa = PBXProject;
			attributes = {
				LastSwiftUpdateCheck = 0720;
				LastUpgradeCheck = 0720;
				ORGANIZATIONNAME = Magiclarsen;
				TargetAttributes = {
					988532FF1C7E13A100D10B69 = {
						CreatedOnToolsVersion = 7.2.1;
					};
				};
			};
			buildConfigurationList = 988532FB1C7E13A100D10B69 /* Build configuration list for PBXProject "rpgoop" */;
			compatibilityVersion = "Xcode 3.2";
			developmentRegion = English;
			hasScannedForEncodings = 0;
			knownRegions = (
				en,
				Base,
			);
			mainGroup = 988532F71C7E13A100D10B69;
			productRefGroup = 988533011C7E13A100D10B69 /* Products */;
			projectDirPath = "";
			projectRoot = "";
			targets = (
				988532FF1C7E13A100D10B69 /* rpgoop */,
			);
		};
/* End PBXProject section */

/* Begin PBXResourcesBuildPhase section */
		988532FE1C7E13A100D10B69 /* Resources */ = {
			isa = PBXResourcesBuildPhase;
			buildActionMask = 2147483647;
			files = (
				9885330E1C7E13A100D10B69 /* LaunchScreen.storyboard in Resources */,
				9885330B1C7E13A100D10B69 /* Assets.xcassets in Resources */,
				988533091C7E13A100D10B69 /* Main.storyboard in Resources */,
			);
			runOnlyForDeploymentPostprocessing = 0;
		};
/* End PBXResourcesBuildPhase section */

/* Begin PBXSourcesBuildPhase section */
		988532FC1C7E13A100D10B69 /* Sources */ = {
			isa = PBXSourcesBuildPhase;
			buildActionMask = 2147483647;
			files = (
				988533161C7E149100D10B69 /* Character.swift in Sources */,
				9885331E1C7E183B00D10B69 /* Enemy.swift in Sources */,
				988533221C7E1B1100D10B69 /* DevilWizard.swift in Sources */,
				988533201C7E198400D10B69 /* Kimara.swift in Sources */,
				988533061C7E13A100D10B69 /* ViewController.swift in Sources */,
				9885331C1C7E181900D10B69 /* Player.swift in Sources */,
				988533041C7E13A100D10B69 /* AppDelegate.swift in Sources */,
			);
			runOnlyForDeploymentPostprocessing = 0;
		};
/* End PBXSourcesBuildPhase section */

/* Begin PBXVariantGroup section */
		988533071C7E13A100D10B69 /* Main.storyboard */ = {
			isa = PBXVariantGroup;
			children = (
				988533081C7E13A100D10B69 /* Base */,
			);
			name = Main.storyboard;
			sourceTree = "<group>";
		};
		9885330C1C7E13A100D10B69 /* LaunchScreen.storyboard */ = {
			isa = PBXVariantGroup;
			children = (
				9885330D1C7E13A100D10B69 /* Base */,
			);
			name = LaunchScreen.storyboard;
			sourceTree = "<group>";
		};
/* End PBXVariantGroup section */

/* Begin XCBuildConfiguration section */
		988533101C7E13A100D10B69 /* Debug */ = {
			isa = XCBuildConfiguration;
			buildSettings = {
				ALWAYS_SEARCH_USER_PATHS = NO;
				CLANG_CXX_LANGUAGE_STANDARD = "gnu++0x";
				CLANG_CXX_LIBRARY = "libc++";
				CLANG_ENABLE_MODULES = YES;
				CLANG_ENABLE_OBJC_ARC = YES;
				CLANG_WARN_BOOL_CONVERSION = YES;
				CLANG_WARN_CONSTANT_CONVERSION = YES;
				CLANG_WARN_DIRECT_OBJC_ISA_USAGE = YES_ERROR;
				CLANG_WARN_EMPTY_BODY = YES;
				CLANG_WARN_ENUM_CONVERSION = YES;
				CLANG_WARN_INT_CONVERSION = YES;
				CLANG_WARN_OBJC_ROOT_CLASS = YES_ERROR;
				CLANG_WARN_UNREACHABLE_CODE = YES;
				CLANG_WARN__DUPLICATE_METHOD_MATCH = YES;
				"CODE_SIGN_IDENTITY[sdk=iphoneos*]" = "iPhone Developer";
				COPY_PHASE_STRIP = NO;
				DEBUG_INFORMATION_FORMAT = dwarf;
				ENABLE_STRICT_OBJC_MSGSEND = YES;
				ENABLE_TESTABILITY = YES;
				GCC_C_LANGUAGE_STANDARD = gnu99;
				GCC_DYNAMIC_NO_PIC = NO;
				GCC_NO_COMMON_BLOCKS = YES;
				GCC_OPTIMIZATION_LEVEL = 0;
				GCC_PREPROCESSOR_DEFINITIONS = (
					"DEBUG=1",
					"$(inherited)",
				);
				GCC_WARN_64_TO_32_BIT_CONVERSION = YES;
				GCC_WARN_ABOUT_RETURN_TYPE = YES_ERROR;
				GCC_WARN_UNDECLARED_SELECTOR = YES;
				GCC_WARN_UNINITIALIZED_AUTOS = YES_AGGRESSIVE;
				GCC_WARN_UNUSED_FUNCTION = YES;
				GCC_WARN_UNUSED_VARIABLE = YES;
				IPHONEOS_DEPLOYMENT_TARGET = 9.2;
				MTL_ENABLE_DEBUG_INFO = YES;
				ONLY_ACTIVE_ARCH = YES;
				SDKROOT = iphoneos;
				SWIFT_OPTIMIZATION_LEVEL = "-Onone";
			};
			name = Debug;
		};
		988533111C7E13A100D10B69 /* Release */ = {
			isa = XCBuildConfiguration;
			buildSettings = {
				ALWAYS_SEARCH_USER_PATHS = NO;
				CLANG_CXX_LANGUAGE_STANDARD = "gnu++0x";
				CLANG_CXX_LIBRARY = "libc++";
				CLANG_ENABLE_MODULES = YES;
				CLANG_ENABLE_OBJC_ARC = YES;
				CLANG_WARN_BOOL_CONVERSION = YES;
				CLANG_WARN_CONSTANT_CONVERSION = YES;
				CLANG_WARN_DIRECT_OBJC_ISA_USAGE = YES_ERROR;
				CLANG_WARN_EMPTY_BODY = YES;
				CLANG_WARN_ENUM_CONVERSION = YES;
				CLANG_WARN_INT_CONVERSION = YES;
				CLANG_WARN_OBJC_ROOT_CLASS = YES_ERROR;
				CLANG_WARN_UNREACHABLE_CODE = YES;
				CLANG_WARN__DUPLICATE_METHOD_MATCH = YES;
				"CODE_SIGN_IDENTITY[sdk=iphoneos*]" = "iPhone Developer";
				COPY_PHASE_STRIP = NO;
				DEBUG_INFORMATION_FORMAT = "dwarf-with-dsym";
				ENABLE_NS_ASSERTIONS = NO;
				ENABLE_STRICT_OBJC_MSGSEND = YES;
				GCC_C_LANGUAGE_STANDARD = gnu99;
				GCC_NO_COMMON_BLOCKS = YES;
				GCC_WARN_64_TO_32_BIT_CONVERSION = YES;
				GCC_WARN_ABOUT_RETURN_TYPE = YES_ERROR;
				GCC_WARN_UNDECLARED_SELECTOR = YES;
				GCC_WARN_UNINITIALIZED_AUTOS = YES_AGGRESSIVE;
				GCC_WARN_UNUSED_FUNCTION = YES;
				GCC_WARN_UNUSED_VARIABLE = YES;
				IPHONEOS_DEPLOYMENT_TARGET = 9.2;
				MTL_ENABLE_DEBUG_INFO = NO;
				SDKROOT = iphoneos;
				VALIDATE_PRODUCT = YES;
			};
			name = Release;
		};
		988533131C7E13A100D10B69 /* Debug */ = {
			isa = XCBuildConfiguration;
			buildSettings = {
				ASSETCATALOG_COMPILER_APPICON_NAME = AppIcon;
				INFOPLIST_FILE = rpgoop/Info.plist;
				LD_RUNPATH_SEARCH_PATHS = "$(inherited) @executable_path/Frameworks";
				PRODUCT_BUNDLE_IDENTIFIER = com.magiclarsen.rpgoop;
				PRODUCT_NAME = "$(TARGET_NAME)";
				TARGETED_DEVICE_FAMILY = "1,2";
			};
			name = Debug;
		};
		988533141C7E13A100D10B69 /* Release */ = {
			isa = XCBuildConfiguration;
			buildSettings = {
				ASSETCATALOG_COMPILER_APPICON_NAME = AppIcon;
				INFOPLIST_FILE = rpgoop/Info.plist;
				LD_RUNPATH_SEARCH_PATHS = "$(inherited) @executable_path/Frameworks";
				PRODUCT_BUNDLE_IDENTIFIER = com.magiclarsen.rpgoop;
				PRODUCT_NAME = "$(TARGET_NAME)";
				TARGETED_DEVICE_FAMILY = "1,2";
			};
			name = Release;
		};
/* End XCBuildConfiguration section */

/* Begin XCConfigurationList section */
		988532FB1C7E13A100D10B69 /* Build configuration list for PBXProject "rpgoop" */ = {
			isa = XCConfigurationList;
			buildConfigurations = (
				988533101C7E13A100D10B69 /* Debug */,
				988533111C7E13A100D10B69 /* Release */,
			);
			defaultConfigurationIsVisible = 0;
			defaultConfigurationName = Release;
		};
		988533121C7E13A100D10B69 /* Build configuration list for PBXNativeTarget "rpgoop" */ = {
			isa = XCConfigurationList;
			buildConfigurations = (
				988533131C7E13A100D10B69 /* Debug */,
				988533141C7E13A100D10B69 /* Release */,
			);
			defaultConfigurationIsVisible = 0;
		};
/* End XCConfigurationList section */
	};
	rootObject = 988532F81C7E13A100D10B69 /* Project object */;
}
